
Microsoft Visual Studio Solution File, Format Version 12.00
# Visual Studio Version 17
VisualStudioVersion = 17.1.32210.238
MinimumVisualStudioVersion = 15.0.26124.0
Project("{9A19103F-16F7-4668-BE54-9A1E7A4F7556}") = "MVC", "MVC\MVC.csproj", "{D9E1B6C7-468C-4E8B-A869-502224CACF2F}"
EndProject
Project("{2150E333-8FDC-42A3-9474-1A3956D46DE8}") = "Core", "Core", "{AEA84302-1508-420C-85C3-E0AF8016CBB5}"
EndProject
Project("{9A19103F-16F7-4668-BE54-9A1E7A4F7556}") = "Core.RCL", "Core\Core.RCL\Core.RCL.csproj", "{EB5B30EC-BA9C-4909-8416-60BF9C6C375C}"
EndProject
Project("{9A19103F-16F7-4668-BE54-9A1E7A4F7556}") = "Core.Models", "Core\Core.Models\Core.Models.csproj", "{227F2495-3FD6-44D1-84CC-95643914BCEC}"
EndProject
Project("{2150E333-8FDC-42A3-9474-1A3956D46DE8}") = "Navigation", "Navigation", "{389F825B-1B60-4DB6-91D7-DD3AEAF4B7CD}"
EndProject
Project("{9A19103F-16F7-4668-BE54-9A1E7A4F7556}") = "Core.Library.KX13", "Core\Core.Library.KX13\Core.Library.KX13.csproj", "{6F16469A-320E-408B-9259-F2DCD1AA7AE6}"
EndProject
Project("{9A19103F-16F7-4668-BE54-9A1E7A4F7556}") = "Navigation.RCL", "Navigation\Navigation.RCL\Navigation.RCL.csproj", "{CC3694EB-8E74-43CB-ACD9-BD0333595996}"
EndProject
Project("{9A19103F-16F7-4668-BE54-9A1E7A4F7556}") = "Navigation.Models", "Navigation\Navigation.Models\Navigation.Models.csproj", "{9D9E1C44-E585-4824-B973-B9EDAFDE1F13}"
EndProject
Project("{9A19103F-16F7-4668-BE54-9A1E7A4F7556}") = "Navigation.Library.KX13", "Navigation\Navigation.Library.KX13\Navigation.Library.KX13.csproj", "{592C992D-A512-4C15-A65C-029215EDF6E5}"
EndProject
Project("{9A19103F-16F7-4668-BE54-9A1E7A4F7556}") = "Core.Library", "Core\Core.Library\Core.Library.csproj", "{BCAFBCA8-8296-449D-A8DE-E81B3E2B69F7}"
EndProject
Project("{2150E333-8FDC-42A3-9474-1A3956D46DE8}") = "Account", "Account", "{B07197E6-E2CC-4510-9127-FB37B3A24319}"
EndProject
Project("{9A19103F-16F7-4668-BE54-9A1E7A4F7556}") = "Account.RCL", "Account\Account.RCL\Account.RCL.csproj", "{A95F7D76-F829-4645-8527-BCD3123321A4}"
EndProject
Project("{9A19103F-16F7-4668-BE54-9A1E7A4F7556}") = "Account.Models", "Account\Account.Models\Account.Models.csproj", "{40AC3A01-6590-4BB7-91B3-F57319C96CE0}"
EndProject
Project("{9A19103F-16F7-4668-BE54-9A1E7A4F7556}") = "Account.Library.KX13", "Account\Account.Library.KX13\Account.Library.KX13.csproj", "{FD021D67-E8EF-43D3-85FA-73523EAA4A02}"
EndProject
Project("{2150E333-8FDC-42A3-9474-1A3956D46DE8}") = "Search", "Search", "{B26A1966-8BA9-40B7-879E-084CEDC94988}"
EndProject
Project("{9A19103F-16F7-4668-BE54-9A1E7A4F7556}") = "Search.RCL", "Search\Search.RCL\Search.RCL.csproj", "{4BD4268B-063C-4532-B2F9-CE3C9C483AC1}"
EndProject
Project("{9A19103F-16F7-4668-BE54-9A1E7A4F7556}") = "Search.Models", "Search\Search.Models\Search.Models.csproj", "{23B7BF64-DFFB-4B74-91E9-522B1A614CF5}"
EndProject
Project("{9A19103F-16F7-4668-BE54-9A1E7A4F7556}") = "Search.Library.KX13", "Search\Search.Library.KX13\Search.Library.KX13.csproj", "{88176EFC-9AFE-4A83-8E8C-2FCAF3D4393F}"
EndProject
Project("{2150E333-8FDC-42A3-9474-1A3956D46DE8}") = "TabbedPages", "TabbedPages", "{671D5FE6-4178-473F-B272-ADC344D8EA39}"
EndProject
Project("{9A19103F-16F7-4668-BE54-9A1E7A4F7556}") = "TabbedPages.RCL", "TabbedPages\TabbedPages.RCL\TabbedPages.RCL.csproj", "{98BFD85F-CA9E-40BA-8D9B-01123F63A0B1}"
EndProject
Project("{9A19103F-16F7-4668-BE54-9A1E7A4F7556}") = "TabbedPages.Models", "TabbedPages\TabbedPages.Models\TabbedPages.Models.csproj", "{641E16EC-36E5-4958-A9E7-1B5D6954F4A6}"
EndProject
Project("{9A19103F-16F7-4668-BE54-9A1E7A4F7556}") = "TabbedPages.Library.KX13", "TabbedPages\TabbedPages.Library.KX13\TabbedPages.Library.KX13.csproj", "{D4A84710-66F4-4FEF-A8E7-B452471CA55F}"
EndProject
Project("{9A19103F-16F7-4668-BE54-9A1E7A4F7556}") = "Account.XperienceModels.KX13", "Account\Account.XperienceModels.KX13\Account.XperienceModels.KX13.csproj", "{74D11757-EDBD-49F8-8DA1-69136C4DE371}"
EndProject
Project("{2150E333-8FDC-42A3-9474-1A3956D46DE8}") = "Ecommerce", "Ecommerce", "{ACD268B1-7130-47BF-B3E0-07A0FEC71C05}"
EndProject
Project("{9A19103F-16F7-4668-BE54-9A1E7A4F7556}") = "Ecommerce.RCL", "Ecommerce\Ecommerce.RCL\Ecommerce.RCL.csproj", "{495081CD-805F-4B84-A65C-56630AE931A3}"
EndProject
Project("{9A19103F-16F7-4668-BE54-9A1E7A4F7556}") = "Ecommerce.XperienceModels.KX13", "Ecommerce\Ecommerce.XperienceModels.KX13\Ecommerce.XperienceModels.KX13.csproj", "{04F3E66E-771E-4AD8-A5C2-1CADDEE16EAF}"
EndProject
Project("{9A19103F-16F7-4668-BE54-9A1E7A4F7556}") = "TabbedPages.XperienceModels.KX13", "TabbedPages\TabbedPages.XperienceModels.KX13\TabbedPages.XperienceModels.KX13.csproj", "{CDB0D417-209B-483C-9863-250134DF174D}"
EndProject
Project("{9A19103F-16F7-4668-BE54-9A1E7A4F7556}") = "Navigation.XperienceModels.KX13", "Navigation\Navigation.XperienceModels.KX13\Navigation.XperienceModels.KX13.csproj", "{2C9DD3A5-5207-480A-BE23-5279A3B3BADD}"
EndProject
Project("{9A19103F-16F7-4668-BE54-9A1E7A4F7556}") = "Core.XperienceModels.KX13", "Core\Core.XperienceModels.KX13\Core.XperienceModels.KX13.csproj", "{5307067D-7EC3-4B57-9DE0-7AD92A836743}"
EndProject
Project("{2150E333-8FDC-42A3-9474-1A3956D46DE8}") = "SamplesAndExamples", "SamplesAndExamples", "{D8AC3EF2-CA24-4442-9CEA-D9EB110C249C}"
EndProject
Project("{9A19103F-16F7-4668-BE54-9A1E7A4F7556}") = "SamplesAndExamples.RCL.KX13", "SamplesAndExamples\SamplesAndExamples.RCL.KX13\SamplesAndExamples.RCL.KX13.csproj", "{487B92AD-FF25-4E67-A680-16F74F8B617C}"
EndProject
Project("{2150E333-8FDC-42A3-9474-1A3956D46DE8}") = "BaselineSiteElements", "BaselineSiteElements", "{39AE71E0-78BA-41CD-8EDA-11CA42C6E889}"
EndProject
Project("{9A19103F-16F7-4668-BE54-9A1E7A4F7556}") = "BaselineSiteElements.KX13", "BaselineSiteElements\BaselineSiteElements.KX13\BaselineSiteElements.KX13.csproj", "{2E3AB958-DFF1-485F-8E5F-0F49006C62DF}"
EndProject
Project("{2150E333-8FDC-42A3-9474-1A3956D46DE8}") = "Localization", "Localization", "{4C17DB56-301F-411F-90E2-DBEC4849324A}"
EndProject
Project("{9A19103F-16F7-4668-BE54-9A1E7A4F7556}") = "Localization.Library", "Localization\Localization.Library\Localization.Library.csproj", "{9F460353-9223-49B3-8E25-A8A60B5789A3}"
EndProject
Project("{9A19103F-16F7-4668-BE54-9A1E7A4F7556}") = "Localization.Models", "Localization\Localization.Models\Localization.Models.csproj", "{A34151AC-8D88-4DBE-9191-976674613F77}"
EndProject
Project("{9A19103F-16F7-4668-BE54-9A1E7A4F7556}") = "Localization.Library.KX13", "Localization\Localization.Library.KX13\Localization.Library.KX13.csproj", "{D6A7D20D-0332-454B-821F-7BDE0F86694D}"
EndProject
Project("{9A19103F-16F7-4668-BE54-9A1E7A4F7556}") = "Account.Library", "Account\Account.Library\Account.Library.csproj", "{B15EC16E-47DB-4E2C-ADCB-C229169E9B10}"
EndProject
Project("{9A19103F-16F7-4668-BE54-9A1E7A4F7556}") = "Account.RCL.KX13", "Account\Account.RCL.KX13\Account.RCL.KX13.csproj", "{27E6CBC9-9692-41E9-904E-C2FF474B3A9D}"
EndProject
Project("{9A19103F-16F7-4668-BE54-9A1E7A4F7556}") = "Navigation.Library", "Navigation\Navigation.Library\Navigation.Library.csproj", "{117CE9EC-7763-436D-8C73-C12CA200712B}"
EndProject
Project("{9A19103F-16F7-4668-BE54-9A1E7A4F7556}") = "Navigation.RCL.KX13", "Navigation\Navigation.RCL.KX13\Navigation.RCL.KX13.csproj", "{FF1D3CE9-9187-4D48-A16D-31EC6AA15321}"
EndProject
Project("{9A19103F-16F7-4668-BE54-9A1E7A4F7556}") = "Core.RCL.KX13", "Core\Core.RCL.KX13\Core.RCL.KX13.csproj", "{31BD18AA-7097-4F6C-B91A-2E2C4A46C571}"
EndProject
Project("{9A19103F-16F7-4668-BE54-9A1E7A4F7556}") = "ImageWidget.RCL.KX13", "SamplesAndExamples\ImageWidget.RCL.KX13\ImageWidget.RCL.KX13.csproj", "{1A7C972D-52F4-4803-8740-456B7E98BE72}"
EndProject
Project("{9A19103F-16F7-4668-BE54-9A1E7A4F7556}") = "InlineTextEditor.RCL.KX13", "SamplesAndExamples\InlineTextEditor.RCL.KX13\InlineTextEditor.RCL.KX13.csproj", "{B1DEF00C-444A-4E2C-9FFF-E48C0D40D7E6}"
EndProject
Project("{9A19103F-16F7-4668-BE54-9A1E7A4F7556}") = "ColorPickerInlineEditor.RCL.KX13", "SamplesAndExamples\ColorPickerInlineEditor.RCL.KX13\ColorPickerInlineEditor.RCL.KX13.csproj", "{D5D31F2B-4CE5-448F-9D51-901CA6733129}"
EndProject
Project("{9A19103F-16F7-4668-BE54-9A1E7A4F7556}") = "StaticTextWidget.RCL.KX13", "SamplesAndExamples\StaticTextWidget.RCL.KX13\StaticTextWidget.RCL.KX13.csproj", "{AE1F9D97-BB6A-42C6-9ECE-B03BE6D7B29F}"
EndProject
Project("{9A19103F-16F7-4668-BE54-9A1E7A4F7556}") = "ShareableContent.RCL.KX13", "SamplesAndExamples\ShareableContent.RCL.KX13\ShareableContent.RCL.KX13.csproj", "{03B490BD-31C2-4741-8070-5ABADFE24AE7}"
EndProject
Project("{9A19103F-16F7-4668-BE54-9A1E7A4F7556}") = "FileContentType.RCL.KX13", "SamplesAndExamples\FileContentType.RCL.KX13\FileContentType.RCL.KX13.csproj", "{7FE3FCF2-5E88-4A7F-9A28-B816DEC6F927}"
EndProject
Project("{9A19103F-16F7-4668-BE54-9A1E7A4F7556}") = "TabbedPages.RCL.KX13", "TabbedPages\TabbedPages.RCL.KX13\TabbedPages.RCL.KX13.csproj", "{30175B16-F49A-42D5-8FA4-9BE9F4A15E68}"
EndProject
Project("{9A19103F-16F7-4668-BE54-9A1E7A4F7556}") = "WidgetizedHeaderFooter.RCL.KX13", "SamplesAndExamples\WidgetizedHeaderFooter.RCL.KX13\WidgetizedHeaderFooter.RCL.KX13.csproj", "{CA917CB7-BECF-446C-B2EC-CD3512FD00BA}"
EndProject
Project("{9A19103F-16F7-4668-BE54-9A1E7A4F7556}") = "Search.RCL.KX13", "Search\Search.RCL.KX13\Search.RCL.KX13.csproj", "{154ABA8B-1CF4-4845-A532-8562179AF8C5}"
EndProject
Project("{9A19103F-16F7-4668-BE54-9A1E7A4F7556}") = "RichTextWidget.RCL.KX13", "SamplesAndExamples\RichTextWidget.RCL.KX13\RichTextWidget.RCL.KX13.csproj", "{9F8597BF-77A0-4676-8231-CCDC41650EDC}"
EndProject
Project("{2150E333-8FDC-42A3-9474-1A3956D46DE8}") = "RepoNotes", "RepoNotes", "{CA588846-ED19-4936-959C-D6BA7B9C05F8}"
	ProjectSection(SolutionItems) = preProject
		..\.gitignore = ..\.gitignore
		RepoNotes\GlobalUsing.cs = RepoNotes\GlobalUsing.cs
		..\README.md = ..\README.md
		RepoNotes\_ViewImports.cshtml = RepoNotes\_ViewImports.cshtml
	EndProjectSection
EndProject
Project("{FAE04EC0-301F-11D3-BF4B-00C04F79EFBC}") = "SectionsSystem.RCL.KX13", "SamplesAndExamples\SectionsSystem.RCL.KX13\SectionsSystem.RCL.KX13.csproj", "{A37DAD20-B9BE-499C-A956-09133DD35908}"
EndProject
Global
	GlobalSection(SolutionConfigurationPlatforms) = preSolution
		Debug|Any CPU = Debug|Any CPU
		Debug|x64 = Debug|x64
		Debug|x86 = Debug|x86
		Release|Any CPU = Release|Any CPU
		Release|x64 = Release|x64
		Release|x86 = Release|x86
	EndGlobalSection
	GlobalSection(ProjectConfigurationPlatforms) = postSolution
		{D9E1B6C7-468C-4E8B-A869-502224CACF2F}.Debug|Any CPU.ActiveCfg = Debug|Any CPU
		{D9E1B6C7-468C-4E8B-A869-502224CACF2F}.Debug|Any CPU.Build.0 = Debug|Any CPU
		{D9E1B6C7-468C-4E8B-A869-502224CACF2F}.Debug|x64.ActiveCfg = Debug|Any CPU
		{D9E1B6C7-468C-4E8B-A869-502224CACF2F}.Debug|x64.Build.0 = Debug|Any CPU
		{D9E1B6C7-468C-4E8B-A869-502224CACF2F}.Debug|x86.ActiveCfg = Debug|Any CPU
		{D9E1B6C7-468C-4E8B-A869-502224CACF2F}.Debug|x86.Build.0 = Debug|Any CPU
		{D9E1B6C7-468C-4E8B-A869-502224CACF2F}.Release|Any CPU.ActiveCfg = Release|Any CPU
		{D9E1B6C7-468C-4E8B-A869-502224CACF2F}.Release|Any CPU.Build.0 = Release|Any CPU
		{D9E1B6C7-468C-4E8B-A869-502224CACF2F}.Release|x64.ActiveCfg = Release|Any CPU
		{D9E1B6C7-468C-4E8B-A869-502224CACF2F}.Release|x64.Build.0 = Release|Any CPU
		{D9E1B6C7-468C-4E8B-A869-502224CACF2F}.Release|x86.ActiveCfg = Release|Any CPU
		{D9E1B6C7-468C-4E8B-A869-502224CACF2F}.Release|x86.Build.0 = Release|Any CPU
		{EB5B30EC-BA9C-4909-8416-60BF9C6C375C}.Debug|Any CPU.ActiveCfg = Debug|Any CPU
		{EB5B30EC-BA9C-4909-8416-60BF9C6C375C}.Debug|Any CPU.Build.0 = Debug|Any CPU
		{EB5B30EC-BA9C-4909-8416-60BF9C6C375C}.Debug|x64.ActiveCfg = Debug|Any CPU
		{EB5B30EC-BA9C-4909-8416-60BF9C6C375C}.Debug|x64.Build.0 = Debug|Any CPU
		{EB5B30EC-BA9C-4909-8416-60BF9C6C375C}.Debug|x86.ActiveCfg = Debug|Any CPU
		{EB5B30EC-BA9C-4909-8416-60BF9C6C375C}.Debug|x86.Build.0 = Debug|Any CPU
		{EB5B30EC-BA9C-4909-8416-60BF9C6C375C}.Release|Any CPU.ActiveCfg = Release|Any CPU
		{EB5B30EC-BA9C-4909-8416-60BF9C6C375C}.Release|Any CPU.Build.0 = Release|Any CPU
		{EB5B30EC-BA9C-4909-8416-60BF9C6C375C}.Release|x64.ActiveCfg = Release|Any CPU
		{EB5B30EC-BA9C-4909-8416-60BF9C6C375C}.Release|x64.Build.0 = Release|Any CPU
		{EB5B30EC-BA9C-4909-8416-60BF9C6C375C}.Release|x86.ActiveCfg = Release|Any CPU
		{EB5B30EC-BA9C-4909-8416-60BF9C6C375C}.Release|x86.Build.0 = Release|Any CPU
		{227F2495-3FD6-44D1-84CC-95643914BCEC}.Debug|Any CPU.ActiveCfg = Debug|Any CPU
		{227F2495-3FD6-44D1-84CC-95643914BCEC}.Debug|Any CPU.Build.0 = Debug|Any CPU
		{227F2495-3FD6-44D1-84CC-95643914BCEC}.Debug|x64.ActiveCfg = Debug|Any CPU
		{227F2495-3FD6-44D1-84CC-95643914BCEC}.Debug|x64.Build.0 = Debug|Any CPU
		{227F2495-3FD6-44D1-84CC-95643914BCEC}.Debug|x86.ActiveCfg = Debug|Any CPU
		{227F2495-3FD6-44D1-84CC-95643914BCEC}.Debug|x86.Build.0 = Debug|Any CPU
		{227F2495-3FD6-44D1-84CC-95643914BCEC}.Release|Any CPU.ActiveCfg = Release|Any CPU
		{227F2495-3FD6-44D1-84CC-95643914BCEC}.Release|Any CPU.Build.0 = Release|Any CPU
		{227F2495-3FD6-44D1-84CC-95643914BCEC}.Release|x64.ActiveCfg = Release|Any CPU
		{227F2495-3FD6-44D1-84CC-95643914BCEC}.Release|x64.Build.0 = Release|Any CPU
		{227F2495-3FD6-44D1-84CC-95643914BCEC}.Release|x86.ActiveCfg = Release|Any CPU
		{227F2495-3FD6-44D1-84CC-95643914BCEC}.Release|x86.Build.0 = Release|Any CPU
		{6F16469A-320E-408B-9259-F2DCD1AA7AE6}.Debug|Any CPU.ActiveCfg = Debug|Any CPU
		{6F16469A-320E-408B-9259-F2DCD1AA7AE6}.Debug|Any CPU.Build.0 = Debug|Any CPU
		{6F16469A-320E-408B-9259-F2DCD1AA7AE6}.Debug|x64.ActiveCfg = Debug|Any CPU
		{6F16469A-320E-408B-9259-F2DCD1AA7AE6}.Debug|x64.Build.0 = Debug|Any CPU
		{6F16469A-320E-408B-9259-F2DCD1AA7AE6}.Debug|x86.ActiveCfg = Debug|Any CPU
		{6F16469A-320E-408B-9259-F2DCD1AA7AE6}.Debug|x86.Build.0 = Debug|Any CPU
		{6F16469A-320E-408B-9259-F2DCD1AA7AE6}.Release|Any CPU.ActiveCfg = Release|Any CPU
		{6F16469A-320E-408B-9259-F2DCD1AA7AE6}.Release|Any CPU.Build.0 = Release|Any CPU
		{6F16469A-320E-408B-9259-F2DCD1AA7AE6}.Release|x64.ActiveCfg = Release|Any CPU
		{6F16469A-320E-408B-9259-F2DCD1AA7AE6}.Release|x64.Build.0 = Release|Any CPU
		{6F16469A-320E-408B-9259-F2DCD1AA7AE6}.Release|x86.ActiveCfg = Release|Any CPU
		{6F16469A-320E-408B-9259-F2DCD1AA7AE6}.Release|x86.Build.0 = Release|Any CPU
		{CC3694EB-8E74-43CB-ACD9-BD0333595996}.Debug|Any CPU.ActiveCfg = Debug|Any CPU
		{CC3694EB-8E74-43CB-ACD9-BD0333595996}.Debug|Any CPU.Build.0 = Debug|Any CPU
		{CC3694EB-8E74-43CB-ACD9-BD0333595996}.Debug|x64.ActiveCfg = Debug|Any CPU
		{CC3694EB-8E74-43CB-ACD9-BD0333595996}.Debug|x64.Build.0 = Debug|Any CPU
		{CC3694EB-8E74-43CB-ACD9-BD0333595996}.Debug|x86.ActiveCfg = Debug|Any CPU
		{CC3694EB-8E74-43CB-ACD9-BD0333595996}.Debug|x86.Build.0 = Debug|Any CPU
		{CC3694EB-8E74-43CB-ACD9-BD0333595996}.Release|Any CPU.ActiveCfg = Release|Any CPU
		{CC3694EB-8E74-43CB-ACD9-BD0333595996}.Release|Any CPU.Build.0 = Release|Any CPU
		{CC3694EB-8E74-43CB-ACD9-BD0333595996}.Release|x64.ActiveCfg = Release|Any CPU
		{CC3694EB-8E74-43CB-ACD9-BD0333595996}.Release|x64.Build.0 = Release|Any CPU
		{CC3694EB-8E74-43CB-ACD9-BD0333595996}.Release|x86.ActiveCfg = Release|Any CPU
		{CC3694EB-8E74-43CB-ACD9-BD0333595996}.Release|x86.Build.0 = Release|Any CPU
		{9D9E1C44-E585-4824-B973-B9EDAFDE1F13}.Debug|Any CPU.ActiveCfg = Debug|Any CPU
		{9D9E1C44-E585-4824-B973-B9EDAFDE1F13}.Debug|Any CPU.Build.0 = Debug|Any CPU
		{9D9E1C44-E585-4824-B973-B9EDAFDE1F13}.Debug|x64.ActiveCfg = Debug|Any CPU
		{9D9E1C44-E585-4824-B973-B9EDAFDE1F13}.Debug|x64.Build.0 = Debug|Any CPU
		{9D9E1C44-E585-4824-B973-B9EDAFDE1F13}.Debug|x86.ActiveCfg = Debug|Any CPU
		{9D9E1C44-E585-4824-B973-B9EDAFDE1F13}.Debug|x86.Build.0 = Debug|Any CPU
		{9D9E1C44-E585-4824-B973-B9EDAFDE1F13}.Release|Any CPU.ActiveCfg = Release|Any CPU
		{9D9E1C44-E585-4824-B973-B9EDAFDE1F13}.Release|Any CPU.Build.0 = Release|Any CPU
		{9D9E1C44-E585-4824-B973-B9EDAFDE1F13}.Release|x64.ActiveCfg = Release|Any CPU
		{9D9E1C44-E585-4824-B973-B9EDAFDE1F13}.Release|x64.Build.0 = Release|Any CPU
		{9D9E1C44-E585-4824-B973-B9EDAFDE1F13}.Release|x86.ActiveCfg = Release|Any CPU
		{9D9E1C44-E585-4824-B973-B9EDAFDE1F13}.Release|x86.Build.0 = Release|Any CPU
		{592C992D-A512-4C15-A65C-029215EDF6E5}.Debug|Any CPU.ActiveCfg = Debug|Any CPU
		{592C992D-A512-4C15-A65C-029215EDF6E5}.Debug|Any CPU.Build.0 = Debug|Any CPU
		{592C992D-A512-4C15-A65C-029215EDF6E5}.Debug|x64.ActiveCfg = Debug|Any CPU
		{592C992D-A512-4C15-A65C-029215EDF6E5}.Debug|x64.Build.0 = Debug|Any CPU
		{592C992D-A512-4C15-A65C-029215EDF6E5}.Debug|x86.ActiveCfg = Debug|Any CPU
		{592C992D-A512-4C15-A65C-029215EDF6E5}.Debug|x86.Build.0 = Debug|Any CPU
		{592C992D-A512-4C15-A65C-029215EDF6E5}.Release|Any CPU.ActiveCfg = Release|Any CPU
		{592C992D-A512-4C15-A65C-029215EDF6E5}.Release|Any CPU.Build.0 = Release|Any CPU
		{592C992D-A512-4C15-A65C-029215EDF6E5}.Release|x64.ActiveCfg = Release|Any CPU
		{592C992D-A512-4C15-A65C-029215EDF6E5}.Release|x64.Build.0 = Release|Any CPU
		{592C992D-A512-4C15-A65C-029215EDF6E5}.Release|x86.ActiveCfg = Release|Any CPU
		{592C992D-A512-4C15-A65C-029215EDF6E5}.Release|x86.Build.0 = Release|Any CPU
		{BCAFBCA8-8296-449D-A8DE-E81B3E2B69F7}.Debug|Any CPU.ActiveCfg = Debug|Any CPU
		{BCAFBCA8-8296-449D-A8DE-E81B3E2B69F7}.Debug|Any CPU.Build.0 = Debug|Any CPU
		{BCAFBCA8-8296-449D-A8DE-E81B3E2B69F7}.Debug|x64.ActiveCfg = Debug|Any CPU
		{BCAFBCA8-8296-449D-A8DE-E81B3E2B69F7}.Debug|x64.Build.0 = Debug|Any CPU
		{BCAFBCA8-8296-449D-A8DE-E81B3E2B69F7}.Debug|x86.ActiveCfg = Debug|Any CPU
		{BCAFBCA8-8296-449D-A8DE-E81B3E2B69F7}.Debug|x86.Build.0 = Debug|Any CPU
		{BCAFBCA8-8296-449D-A8DE-E81B3E2B69F7}.Release|Any CPU.ActiveCfg = Release|Any CPU
		{BCAFBCA8-8296-449D-A8DE-E81B3E2B69F7}.Release|Any CPU.Build.0 = Release|Any CPU
		{BCAFBCA8-8296-449D-A8DE-E81B3E2B69F7}.Release|x64.ActiveCfg = Release|Any CPU
		{BCAFBCA8-8296-449D-A8DE-E81B3E2B69F7}.Release|x64.Build.0 = Release|Any CPU
		{BCAFBCA8-8296-449D-A8DE-E81B3E2B69F7}.Release|x86.ActiveCfg = Release|Any CPU
		{BCAFBCA8-8296-449D-A8DE-E81B3E2B69F7}.Release|x86.Build.0 = Release|Any CPU
		{A95F7D76-F829-4645-8527-BCD3123321A4}.Debug|Any CPU.ActiveCfg = Debug|Any CPU
		{A95F7D76-F829-4645-8527-BCD3123321A4}.Debug|Any CPU.Build.0 = Debug|Any CPU
		{A95F7D76-F829-4645-8527-BCD3123321A4}.Debug|x64.ActiveCfg = Debug|Any CPU
		{A95F7D76-F829-4645-8527-BCD3123321A4}.Debug|x64.Build.0 = Debug|Any CPU
		{A95F7D76-F829-4645-8527-BCD3123321A4}.Debug|x86.ActiveCfg = Debug|Any CPU
		{A95F7D76-F829-4645-8527-BCD3123321A4}.Debug|x86.Build.0 = Debug|Any CPU
		{A95F7D76-F829-4645-8527-BCD3123321A4}.Release|Any CPU.ActiveCfg = Release|Any CPU
		{A95F7D76-F829-4645-8527-BCD3123321A4}.Release|Any CPU.Build.0 = Release|Any CPU
		{A95F7D76-F829-4645-8527-BCD3123321A4}.Release|x64.ActiveCfg = Release|Any CPU
		{A95F7D76-F829-4645-8527-BCD3123321A4}.Release|x64.Build.0 = Release|Any CPU
		{A95F7D76-F829-4645-8527-BCD3123321A4}.Release|x86.ActiveCfg = Release|Any CPU
		{A95F7D76-F829-4645-8527-BCD3123321A4}.Release|x86.Build.0 = Release|Any CPU
		{40AC3A01-6590-4BB7-91B3-F57319C96CE0}.Debug|Any CPU.ActiveCfg = Debug|Any CPU
		{40AC3A01-6590-4BB7-91B3-F57319C96CE0}.Debug|Any CPU.Build.0 = Debug|Any CPU
		{40AC3A01-6590-4BB7-91B3-F57319C96CE0}.Debug|x64.ActiveCfg = Debug|Any CPU
		{40AC3A01-6590-4BB7-91B3-F57319C96CE0}.Debug|x64.Build.0 = Debug|Any CPU
		{40AC3A01-6590-4BB7-91B3-F57319C96CE0}.Debug|x86.ActiveCfg = Debug|Any CPU
		{40AC3A01-6590-4BB7-91B3-F57319C96CE0}.Debug|x86.Build.0 = Debug|Any CPU
		{40AC3A01-6590-4BB7-91B3-F57319C96CE0}.Release|Any CPU.ActiveCfg = Release|Any CPU
		{40AC3A01-6590-4BB7-91B3-F57319C96CE0}.Release|Any CPU.Build.0 = Release|Any CPU
		{40AC3A01-6590-4BB7-91B3-F57319C96CE0}.Release|x64.ActiveCfg = Release|Any CPU
		{40AC3A01-6590-4BB7-91B3-F57319C96CE0}.Release|x64.Build.0 = Release|Any CPU
		{40AC3A01-6590-4BB7-91B3-F57319C96CE0}.Release|x86.ActiveCfg = Release|Any CPU
		{40AC3A01-6590-4BB7-91B3-F57319C96CE0}.Release|x86.Build.0 = Release|Any CPU
		{FD021D67-E8EF-43D3-85FA-73523EAA4A02}.Debug|Any CPU.ActiveCfg = Debug|Any CPU
		{FD021D67-E8EF-43D3-85FA-73523EAA4A02}.Debug|Any CPU.Build.0 = Debug|Any CPU
		{FD021D67-E8EF-43D3-85FA-73523EAA4A02}.Debug|x64.ActiveCfg = Debug|Any CPU
		{FD021D67-E8EF-43D3-85FA-73523EAA4A02}.Debug|x64.Build.0 = Debug|Any CPU
		{FD021D67-E8EF-43D3-85FA-73523EAA4A02}.Debug|x86.ActiveCfg = Debug|Any CPU
		{FD021D67-E8EF-43D3-85FA-73523EAA4A02}.Debug|x86.Build.0 = Debug|Any CPU
		{FD021D67-E8EF-43D3-85FA-73523EAA4A02}.Release|Any CPU.ActiveCfg = Release|Any CPU
		{FD021D67-E8EF-43D3-85FA-73523EAA4A02}.Release|Any CPU.Build.0 = Release|Any CPU
		{FD021D67-E8EF-43D3-85FA-73523EAA4A02}.Release|x64.ActiveCfg = Release|Any CPU
		{FD021D67-E8EF-43D3-85FA-73523EAA4A02}.Release|x64.Build.0 = Release|Any CPU
		{FD021D67-E8EF-43D3-85FA-73523EAA4A02}.Release|x86.ActiveCfg = Release|Any CPU
		{FD021D67-E8EF-43D3-85FA-73523EAA4A02}.Release|x86.Build.0 = Release|Any CPU
		{4BD4268B-063C-4532-B2F9-CE3C9C483AC1}.Debug|Any CPU.ActiveCfg = Debug|Any CPU
		{4BD4268B-063C-4532-B2F9-CE3C9C483AC1}.Debug|Any CPU.Build.0 = Debug|Any CPU
		{4BD4268B-063C-4532-B2F9-CE3C9C483AC1}.Debug|x64.ActiveCfg = Debug|Any CPU
		{4BD4268B-063C-4532-B2F9-CE3C9C483AC1}.Debug|x64.Build.0 = Debug|Any CPU
		{4BD4268B-063C-4532-B2F9-CE3C9C483AC1}.Debug|x86.ActiveCfg = Debug|Any CPU
		{4BD4268B-063C-4532-B2F9-CE3C9C483AC1}.Debug|x86.Build.0 = Debug|Any CPU
		{4BD4268B-063C-4532-B2F9-CE3C9C483AC1}.Release|Any CPU.ActiveCfg = Release|Any CPU
		{4BD4268B-063C-4532-B2F9-CE3C9C483AC1}.Release|Any CPU.Build.0 = Release|Any CPU
		{4BD4268B-063C-4532-B2F9-CE3C9C483AC1}.Release|x64.ActiveCfg = Release|Any CPU
		{4BD4268B-063C-4532-B2F9-CE3C9C483AC1}.Release|x64.Build.0 = Release|Any CPU
		{4BD4268B-063C-4532-B2F9-CE3C9C483AC1}.Release|x86.ActiveCfg = Release|Any CPU
		{4BD4268B-063C-4532-B2F9-CE3C9C483AC1}.Release|x86.Build.0 = Release|Any CPU
		{23B7BF64-DFFB-4B74-91E9-522B1A614CF5}.Debug|Any CPU.ActiveCfg = Debug|Any CPU
		{23B7BF64-DFFB-4B74-91E9-522B1A614CF5}.Debug|Any CPU.Build.0 = Debug|Any CPU
		{23B7BF64-DFFB-4B74-91E9-522B1A614CF5}.Debug|x64.ActiveCfg = Debug|Any CPU
		{23B7BF64-DFFB-4B74-91E9-522B1A614CF5}.Debug|x64.Build.0 = Debug|Any CPU
		{23B7BF64-DFFB-4B74-91E9-522B1A614CF5}.Debug|x86.ActiveCfg = Debug|Any CPU
		{23B7BF64-DFFB-4B74-91E9-522B1A614CF5}.Debug|x86.Build.0 = Debug|Any CPU
		{23B7BF64-DFFB-4B74-91E9-522B1A614CF5}.Release|Any CPU.ActiveCfg = Release|Any CPU
		{23B7BF64-DFFB-4B74-91E9-522B1A614CF5}.Release|Any CPU.Build.0 = Release|Any CPU
		{23B7BF64-DFFB-4B74-91E9-522B1A614CF5}.Release|x64.ActiveCfg = Release|Any CPU
		{23B7BF64-DFFB-4B74-91E9-522B1A614CF5}.Release|x64.Build.0 = Release|Any CPU
		{23B7BF64-DFFB-4B74-91E9-522B1A614CF5}.Release|x86.ActiveCfg = Release|Any CPU
		{23B7BF64-DFFB-4B74-91E9-522B1A614CF5}.Release|x86.Build.0 = Release|Any CPU
		{88176EFC-9AFE-4A83-8E8C-2FCAF3D4393F}.Debug|Any CPU.ActiveCfg = Debug|Any CPU
		{88176EFC-9AFE-4A83-8E8C-2FCAF3D4393F}.Debug|Any CPU.Build.0 = Debug|Any CPU
		{88176EFC-9AFE-4A83-8E8C-2FCAF3D4393F}.Debug|x64.ActiveCfg = Debug|Any CPU
		{88176EFC-9AFE-4A83-8E8C-2FCAF3D4393F}.Debug|x64.Build.0 = Debug|Any CPU
		{88176EFC-9AFE-4A83-8E8C-2FCAF3D4393F}.Debug|x86.ActiveCfg = Debug|Any CPU
		{88176EFC-9AFE-4A83-8E8C-2FCAF3D4393F}.Debug|x86.Build.0 = Debug|Any CPU
		{88176EFC-9AFE-4A83-8E8C-2FCAF3D4393F}.Release|Any CPU.ActiveCfg = Release|Any CPU
		{88176EFC-9AFE-4A83-8E8C-2FCAF3D4393F}.Release|Any CPU.Build.0 = Release|Any CPU
		{88176EFC-9AFE-4A83-8E8C-2FCAF3D4393F}.Release|x64.ActiveCfg = Release|Any CPU
		{88176EFC-9AFE-4A83-8E8C-2FCAF3D4393F}.Release|x64.Build.0 = Release|Any CPU
		{88176EFC-9AFE-4A83-8E8C-2FCAF3D4393F}.Release|x86.ActiveCfg = Release|Any CPU
		{88176EFC-9AFE-4A83-8E8C-2FCAF3D4393F}.Release|x86.Build.0 = Release|Any CPU
		{98BFD85F-CA9E-40BA-8D9B-01123F63A0B1}.Debug|Any CPU.ActiveCfg = Debug|Any CPU
		{98BFD85F-CA9E-40BA-8D9B-01123F63A0B1}.Debug|Any CPU.Build.0 = Debug|Any CPU
		{98BFD85F-CA9E-40BA-8D9B-01123F63A0B1}.Debug|x64.ActiveCfg = Debug|Any CPU
		{98BFD85F-CA9E-40BA-8D9B-01123F63A0B1}.Debug|x64.Build.0 = Debug|Any CPU
		{98BFD85F-CA9E-40BA-8D9B-01123F63A0B1}.Debug|x86.ActiveCfg = Debug|Any CPU
		{98BFD85F-CA9E-40BA-8D9B-01123F63A0B1}.Debug|x86.Build.0 = Debug|Any CPU
		{98BFD85F-CA9E-40BA-8D9B-01123F63A0B1}.Release|Any CPU.ActiveCfg = Release|Any CPU
		{98BFD85F-CA9E-40BA-8D9B-01123F63A0B1}.Release|Any CPU.Build.0 = Release|Any CPU
		{98BFD85F-CA9E-40BA-8D9B-01123F63A0B1}.Release|x64.ActiveCfg = Release|Any CPU
		{98BFD85F-CA9E-40BA-8D9B-01123F63A0B1}.Release|x64.Build.0 = Release|Any CPU
		{98BFD85F-CA9E-40BA-8D9B-01123F63A0B1}.Release|x86.ActiveCfg = Release|Any CPU
		{98BFD85F-CA9E-40BA-8D9B-01123F63A0B1}.Release|x86.Build.0 = Release|Any CPU
		{641E16EC-36E5-4958-A9E7-1B5D6954F4A6}.Debug|Any CPU.ActiveCfg = Debug|Any CPU
		{641E16EC-36E5-4958-A9E7-1B5D6954F4A6}.Debug|Any CPU.Build.0 = Debug|Any CPU
		{641E16EC-36E5-4958-A9E7-1B5D6954F4A6}.Debug|x64.ActiveCfg = Debug|Any CPU
		{641E16EC-36E5-4958-A9E7-1B5D6954F4A6}.Debug|x64.Build.0 = Debug|Any CPU
		{641E16EC-36E5-4958-A9E7-1B5D6954F4A6}.Debug|x86.ActiveCfg = Debug|Any CPU
		{641E16EC-36E5-4958-A9E7-1B5D6954F4A6}.Debug|x86.Build.0 = Debug|Any CPU
		{641E16EC-36E5-4958-A9E7-1B5D6954F4A6}.Release|Any CPU.ActiveCfg = Release|Any CPU
		{641E16EC-36E5-4958-A9E7-1B5D6954F4A6}.Release|Any CPU.Build.0 = Release|Any CPU
		{641E16EC-36E5-4958-A9E7-1B5D6954F4A6}.Release|x64.ActiveCfg = Release|Any CPU
		{641E16EC-36E5-4958-A9E7-1B5D6954F4A6}.Release|x64.Build.0 = Release|Any CPU
		{641E16EC-36E5-4958-A9E7-1B5D6954F4A6}.Release|x86.ActiveCfg = Release|Any CPU
		{641E16EC-36E5-4958-A9E7-1B5D6954F4A6}.Release|x86.Build.0 = Release|Any CPU
		{D4A84710-66F4-4FEF-A8E7-B452471CA55F}.Debug|Any CPU.ActiveCfg = Debug|Any CPU
		{D4A84710-66F4-4FEF-A8E7-B452471CA55F}.Debug|Any CPU.Build.0 = Debug|Any CPU
		{D4A84710-66F4-4FEF-A8E7-B452471CA55F}.Debug|x64.ActiveCfg = Debug|Any CPU
		{D4A84710-66F4-4FEF-A8E7-B452471CA55F}.Debug|x64.Build.0 = Debug|Any CPU
		{D4A84710-66F4-4FEF-A8E7-B452471CA55F}.Debug|x86.ActiveCfg = Debug|Any CPU
		{D4A84710-66F4-4FEF-A8E7-B452471CA55F}.Debug|x86.Build.0 = Debug|Any CPU
		{D4A84710-66F4-4FEF-A8E7-B452471CA55F}.Release|Any CPU.ActiveCfg = Release|Any CPU
		{D4A84710-66F4-4FEF-A8E7-B452471CA55F}.Release|Any CPU.Build.0 = Release|Any CPU
		{D4A84710-66F4-4FEF-A8E7-B452471CA55F}.Release|x64.ActiveCfg = Release|Any CPU
		{D4A84710-66F4-4FEF-A8E7-B452471CA55F}.Release|x64.Build.0 = Release|Any CPU
		{D4A84710-66F4-4FEF-A8E7-B452471CA55F}.Release|x86.ActiveCfg = Release|Any CPU
		{D4A84710-66F4-4FEF-A8E7-B452471CA55F}.Release|x86.Build.0 = Release|Any CPU
		{74D11757-EDBD-49F8-8DA1-69136C4DE371}.Debug|Any CPU.ActiveCfg = Debug|Any CPU
		{74D11757-EDBD-49F8-8DA1-69136C4DE371}.Debug|Any CPU.Build.0 = Debug|Any CPU
		{74D11757-EDBD-49F8-8DA1-69136C4DE371}.Debug|x64.ActiveCfg = Debug|Any CPU
		{74D11757-EDBD-49F8-8DA1-69136C4DE371}.Debug|x64.Build.0 = Debug|Any CPU
		{74D11757-EDBD-49F8-8DA1-69136C4DE371}.Debug|x86.ActiveCfg = Debug|Any CPU
		{74D11757-EDBD-49F8-8DA1-69136C4DE371}.Debug|x86.Build.0 = Debug|Any CPU
		{74D11757-EDBD-49F8-8DA1-69136C4DE371}.Release|Any CPU.ActiveCfg = Release|Any CPU
		{74D11757-EDBD-49F8-8DA1-69136C4DE371}.Release|Any CPU.Build.0 = Release|Any CPU
		{74D11757-EDBD-49F8-8DA1-69136C4DE371}.Release|x64.ActiveCfg = Release|Any CPU
		{74D11757-EDBD-49F8-8DA1-69136C4DE371}.Release|x64.Build.0 = Release|Any CPU
		{74D11757-EDBD-49F8-8DA1-69136C4DE371}.Release|x86.ActiveCfg = Release|Any CPU
		{74D11757-EDBD-49F8-8DA1-69136C4DE371}.Release|x86.Build.0 = Release|Any CPU
		{495081CD-805F-4B84-A65C-56630AE931A3}.Debug|Any CPU.ActiveCfg = Debug|Any CPU
		{495081CD-805F-4B84-A65C-56630AE931A3}.Debug|Any CPU.Build.0 = Debug|Any CPU
		{495081CD-805F-4B84-A65C-56630AE931A3}.Debug|x64.ActiveCfg = Debug|Any CPU
		{495081CD-805F-4B84-A65C-56630AE931A3}.Debug|x64.Build.0 = Debug|Any CPU
		{495081CD-805F-4B84-A65C-56630AE931A3}.Debug|x86.ActiveCfg = Debug|Any CPU
		{495081CD-805F-4B84-A65C-56630AE931A3}.Debug|x86.Build.0 = Debug|Any CPU
		{495081CD-805F-4B84-A65C-56630AE931A3}.Release|Any CPU.ActiveCfg = Release|Any CPU
		{495081CD-805F-4B84-A65C-56630AE931A3}.Release|Any CPU.Build.0 = Release|Any CPU
		{495081CD-805F-4B84-A65C-56630AE931A3}.Release|x64.ActiveCfg = Release|Any CPU
		{495081CD-805F-4B84-A65C-56630AE931A3}.Release|x64.Build.0 = Release|Any CPU
		{495081CD-805F-4B84-A65C-56630AE931A3}.Release|x86.ActiveCfg = Release|Any CPU
		{495081CD-805F-4B84-A65C-56630AE931A3}.Release|x86.Build.0 = Release|Any CPU
		{04F3E66E-771E-4AD8-A5C2-1CADDEE16EAF}.Debug|Any CPU.ActiveCfg = Debug|Any CPU
		{04F3E66E-771E-4AD8-A5C2-1CADDEE16EAF}.Debug|Any CPU.Build.0 = Debug|Any CPU
		{04F3E66E-771E-4AD8-A5C2-1CADDEE16EAF}.Debug|x64.ActiveCfg = Debug|Any CPU
		{04F3E66E-771E-4AD8-A5C2-1CADDEE16EAF}.Debug|x64.Build.0 = Debug|Any CPU
		{04F3E66E-771E-4AD8-A5C2-1CADDEE16EAF}.Debug|x86.ActiveCfg = Debug|Any CPU
		{04F3E66E-771E-4AD8-A5C2-1CADDEE16EAF}.Debug|x86.Build.0 = Debug|Any CPU
		{04F3E66E-771E-4AD8-A5C2-1CADDEE16EAF}.Release|Any CPU.ActiveCfg = Release|Any CPU
		{04F3E66E-771E-4AD8-A5C2-1CADDEE16EAF}.Release|Any CPU.Build.0 = Release|Any CPU
		{04F3E66E-771E-4AD8-A5C2-1CADDEE16EAF}.Release|x64.ActiveCfg = Release|Any CPU
		{04F3E66E-771E-4AD8-A5C2-1CADDEE16EAF}.Release|x64.Build.0 = Release|Any CPU
		{04F3E66E-771E-4AD8-A5C2-1CADDEE16EAF}.Release|x86.ActiveCfg = Release|Any CPU
		{04F3E66E-771E-4AD8-A5C2-1CADDEE16EAF}.Release|x86.Build.0 = Release|Any CPU
		{CDB0D417-209B-483C-9863-250134DF174D}.Debug|Any CPU.ActiveCfg = Debug|Any CPU
		{CDB0D417-209B-483C-9863-250134DF174D}.Debug|Any CPU.Build.0 = Debug|Any CPU
		{CDB0D417-209B-483C-9863-250134DF174D}.Debug|x64.ActiveCfg = Debug|Any CPU
		{CDB0D417-209B-483C-9863-250134DF174D}.Debug|x64.Build.0 = Debug|Any CPU
		{CDB0D417-209B-483C-9863-250134DF174D}.Debug|x86.ActiveCfg = Debug|Any CPU
		{CDB0D417-209B-483C-9863-250134DF174D}.Debug|x86.Build.0 = Debug|Any CPU
		{CDB0D417-209B-483C-9863-250134DF174D}.Release|Any CPU.ActiveCfg = Release|Any CPU
		{CDB0D417-209B-483C-9863-250134DF174D}.Release|Any CPU.Build.0 = Release|Any CPU
		{CDB0D417-209B-483C-9863-250134DF174D}.Release|x64.ActiveCfg = Release|Any CPU
		{CDB0D417-209B-483C-9863-250134DF174D}.Release|x64.Build.0 = Release|Any CPU
		{CDB0D417-209B-483C-9863-250134DF174D}.Release|x86.ActiveCfg = Release|Any CPU
		{CDB0D417-209B-483C-9863-250134DF174D}.Release|x86.Build.0 = Release|Any CPU
		{2C9DD3A5-5207-480A-BE23-5279A3B3BADD}.Debug|Any CPU.ActiveCfg = Debug|Any CPU
		{2C9DD3A5-5207-480A-BE23-5279A3B3BADD}.Debug|Any CPU.Build.0 = Debug|Any CPU
		{2C9DD3A5-5207-480A-BE23-5279A3B3BADD}.Debug|x64.ActiveCfg = Debug|Any CPU
		{2C9DD3A5-5207-480A-BE23-5279A3B3BADD}.Debug|x64.Build.0 = Debug|Any CPU
		{2C9DD3A5-5207-480A-BE23-5279A3B3BADD}.Debug|x86.ActiveCfg = Debug|Any CPU
		{2C9DD3A5-5207-480A-BE23-5279A3B3BADD}.Debug|x86.Build.0 = Debug|Any CPU
		{2C9DD3A5-5207-480A-BE23-5279A3B3BADD}.Release|Any CPU.ActiveCfg = Release|Any CPU
		{2C9DD3A5-5207-480A-BE23-5279A3B3BADD}.Release|Any CPU.Build.0 = Release|Any CPU
		{2C9DD3A5-5207-480A-BE23-5279A3B3BADD}.Release|x64.ActiveCfg = Release|Any CPU
		{2C9DD3A5-5207-480A-BE23-5279A3B3BADD}.Release|x64.Build.0 = Release|Any CPU
		{2C9DD3A5-5207-480A-BE23-5279A3B3BADD}.Release|x86.ActiveCfg = Release|Any CPU
		{2C9DD3A5-5207-480A-BE23-5279A3B3BADD}.Release|x86.Build.0 = Release|Any CPU
		{5307067D-7EC3-4B57-9DE0-7AD92A836743}.Debug|Any CPU.ActiveCfg = Debug|Any CPU
		{5307067D-7EC3-4B57-9DE0-7AD92A836743}.Debug|Any CPU.Build.0 = Debug|Any CPU
		{5307067D-7EC3-4B57-9DE0-7AD92A836743}.Debug|x64.ActiveCfg = Debug|Any CPU
		{5307067D-7EC3-4B57-9DE0-7AD92A836743}.Debug|x64.Build.0 = Debug|Any CPU
		{5307067D-7EC3-4B57-9DE0-7AD92A836743}.Debug|x86.ActiveCfg = Debug|Any CPU
		{5307067D-7EC3-4B57-9DE0-7AD92A836743}.Debug|x86.Build.0 = Debug|Any CPU
		{5307067D-7EC3-4B57-9DE0-7AD92A836743}.Release|Any CPU.ActiveCfg = Release|Any CPU
		{5307067D-7EC3-4B57-9DE0-7AD92A836743}.Release|Any CPU.Build.0 = Release|Any CPU
		{5307067D-7EC3-4B57-9DE0-7AD92A836743}.Release|x64.ActiveCfg = Release|Any CPU
		{5307067D-7EC3-4B57-9DE0-7AD92A836743}.Release|x64.Build.0 = Release|Any CPU
		{5307067D-7EC3-4B57-9DE0-7AD92A836743}.Release|x86.ActiveCfg = Release|Any CPU
		{5307067D-7EC3-4B57-9DE0-7AD92A836743}.Release|x86.Build.0 = Release|Any CPU
		{487B92AD-FF25-4E67-A680-16F74F8B617C}.Debug|Any CPU.ActiveCfg = Debug|Any CPU
		{487B92AD-FF25-4E67-A680-16F74F8B617C}.Debug|Any CPU.Build.0 = Debug|Any CPU
		{487B92AD-FF25-4E67-A680-16F74F8B617C}.Debug|x64.ActiveCfg = Debug|Any CPU
		{487B92AD-FF25-4E67-A680-16F74F8B617C}.Debug|x64.Build.0 = Debug|Any CPU
		{487B92AD-FF25-4E67-A680-16F74F8B617C}.Debug|x86.ActiveCfg = Debug|Any CPU
		{487B92AD-FF25-4E67-A680-16F74F8B617C}.Debug|x86.Build.0 = Debug|Any CPU
		{487B92AD-FF25-4E67-A680-16F74F8B617C}.Release|Any CPU.ActiveCfg = Release|Any CPU
		{487B92AD-FF25-4E67-A680-16F74F8B617C}.Release|Any CPU.Build.0 = Release|Any CPU
		{487B92AD-FF25-4E67-A680-16F74F8B617C}.Release|x64.ActiveCfg = Release|Any CPU
		{487B92AD-FF25-4E67-A680-16F74F8B617C}.Release|x64.Build.0 = Release|Any CPU
		{487B92AD-FF25-4E67-A680-16F74F8B617C}.Release|x86.ActiveCfg = Release|Any CPU
		{487B92AD-FF25-4E67-A680-16F74F8B617C}.Release|x86.Build.0 = Release|Any CPU
		{2E3AB958-DFF1-485F-8E5F-0F49006C62DF}.Debug|Any CPU.ActiveCfg = Debug|Any CPU
		{2E3AB958-DFF1-485F-8E5F-0F49006C62DF}.Debug|Any CPU.Build.0 = Debug|Any CPU
		{2E3AB958-DFF1-485F-8E5F-0F49006C62DF}.Debug|x64.ActiveCfg = Debug|Any CPU
		{2E3AB958-DFF1-485F-8E5F-0F49006C62DF}.Debug|x64.Build.0 = Debug|Any CPU
		{2E3AB958-DFF1-485F-8E5F-0F49006C62DF}.Debug|x86.ActiveCfg = Debug|Any CPU
		{2E3AB958-DFF1-485F-8E5F-0F49006C62DF}.Debug|x86.Build.0 = Debug|Any CPU
		{2E3AB958-DFF1-485F-8E5F-0F49006C62DF}.Release|Any CPU.ActiveCfg = Release|Any CPU
		{2E3AB958-DFF1-485F-8E5F-0F49006C62DF}.Release|Any CPU.Build.0 = Release|Any CPU
		{2E3AB958-DFF1-485F-8E5F-0F49006C62DF}.Release|x64.ActiveCfg = Release|Any CPU
		{2E3AB958-DFF1-485F-8E5F-0F49006C62DF}.Release|x64.Build.0 = Release|Any CPU
		{2E3AB958-DFF1-485F-8E5F-0F49006C62DF}.Release|x86.ActiveCfg = Release|Any CPU
		{2E3AB958-DFF1-485F-8E5F-0F49006C62DF}.Release|x86.Build.0 = Release|Any CPU
		{9F460353-9223-49B3-8E25-A8A60B5789A3}.Debug|Any CPU.ActiveCfg = Debug|Any CPU
		{9F460353-9223-49B3-8E25-A8A60B5789A3}.Debug|Any CPU.Build.0 = Debug|Any CPU
		{9F460353-9223-49B3-8E25-A8A60B5789A3}.Debug|x64.ActiveCfg = Debug|Any CPU
		{9F460353-9223-49B3-8E25-A8A60B5789A3}.Debug|x64.Build.0 = Debug|Any CPU
		{9F460353-9223-49B3-8E25-A8A60B5789A3}.Debug|x86.ActiveCfg = Debug|Any CPU
		{9F460353-9223-49B3-8E25-A8A60B5789A3}.Debug|x86.Build.0 = Debug|Any CPU
		{9F460353-9223-49B3-8E25-A8A60B5789A3}.Release|Any CPU.ActiveCfg = Release|Any CPU
		{9F460353-9223-49B3-8E25-A8A60B5789A3}.Release|Any CPU.Build.0 = Release|Any CPU
		{9F460353-9223-49B3-8E25-A8A60B5789A3}.Release|x64.ActiveCfg = Release|Any CPU
		{9F460353-9223-49B3-8E25-A8A60B5789A3}.Release|x64.Build.0 = Release|Any CPU
		{9F460353-9223-49B3-8E25-A8A60B5789A3}.Release|x86.ActiveCfg = Release|Any CPU
		{9F460353-9223-49B3-8E25-A8A60B5789A3}.Release|x86.Build.0 = Release|Any CPU
		{A34151AC-8D88-4DBE-9191-976674613F77}.Debug|Any CPU.ActiveCfg = Debug|Any CPU
		{A34151AC-8D88-4DBE-9191-976674613F77}.Debug|Any CPU.Build.0 = Debug|Any CPU
		{A34151AC-8D88-4DBE-9191-976674613F77}.Debug|x64.ActiveCfg = Debug|Any CPU
		{A34151AC-8D88-4DBE-9191-976674613F77}.Debug|x64.Build.0 = Debug|Any CPU
		{A34151AC-8D88-4DBE-9191-976674613F77}.Debug|x86.ActiveCfg = Debug|Any CPU
		{A34151AC-8D88-4DBE-9191-976674613F77}.Debug|x86.Build.0 = Debug|Any CPU
		{A34151AC-8D88-4DBE-9191-976674613F77}.Release|Any CPU.ActiveCfg = Release|Any CPU
		{A34151AC-8D88-4DBE-9191-976674613F77}.Release|Any CPU.Build.0 = Release|Any CPU
		{A34151AC-8D88-4DBE-9191-976674613F77}.Release|x64.ActiveCfg = Release|Any CPU
		{A34151AC-8D88-4DBE-9191-976674613F77}.Release|x64.Build.0 = Release|Any CPU
		{A34151AC-8D88-4DBE-9191-976674613F77}.Release|x86.ActiveCfg = Release|Any CPU
		{A34151AC-8D88-4DBE-9191-976674613F77}.Release|x86.Build.0 = Release|Any CPU
		{D6A7D20D-0332-454B-821F-7BDE0F86694D}.Debug|Any CPU.ActiveCfg = Debug|Any CPU
		{D6A7D20D-0332-454B-821F-7BDE0F86694D}.Debug|Any CPU.Build.0 = Debug|Any CPU
		{D6A7D20D-0332-454B-821F-7BDE0F86694D}.Debug|x64.ActiveCfg = Debug|Any CPU
		{D6A7D20D-0332-454B-821F-7BDE0F86694D}.Debug|x64.Build.0 = Debug|Any CPU
		{D6A7D20D-0332-454B-821F-7BDE0F86694D}.Debug|x86.ActiveCfg = Debug|Any CPU
		{D6A7D20D-0332-454B-821F-7BDE0F86694D}.Debug|x86.Build.0 = Debug|Any CPU
		{D6A7D20D-0332-454B-821F-7BDE0F86694D}.Release|Any CPU.ActiveCfg = Release|Any CPU
		{D6A7D20D-0332-454B-821F-7BDE0F86694D}.Release|Any CPU.Build.0 = Release|Any CPU
		{D6A7D20D-0332-454B-821F-7BDE0F86694D}.Release|x64.ActiveCfg = Release|Any CPU
		{D6A7D20D-0332-454B-821F-7BDE0F86694D}.Release|x64.Build.0 = Release|Any CPU
		{D6A7D20D-0332-454B-821F-7BDE0F86694D}.Release|x86.ActiveCfg = Release|Any CPU
		{D6A7D20D-0332-454B-821F-7BDE0F86694D}.Release|x86.Build.0 = Release|Any CPU
		{B15EC16E-47DB-4E2C-ADCB-C229169E9B10}.Debug|Any CPU.ActiveCfg = Debug|Any CPU
		{B15EC16E-47DB-4E2C-ADCB-C229169E9B10}.Debug|Any CPU.Build.0 = Debug|Any CPU
		{B15EC16E-47DB-4E2C-ADCB-C229169E9B10}.Debug|x64.ActiveCfg = Debug|Any CPU
		{B15EC16E-47DB-4E2C-ADCB-C229169E9B10}.Debug|x64.Build.0 = Debug|Any CPU
		{B15EC16E-47DB-4E2C-ADCB-C229169E9B10}.Debug|x86.ActiveCfg = Debug|Any CPU
		{B15EC16E-47DB-4E2C-ADCB-C229169E9B10}.Debug|x86.Build.0 = Debug|Any CPU
		{B15EC16E-47DB-4E2C-ADCB-C229169E9B10}.Release|Any CPU.ActiveCfg = Release|Any CPU
		{B15EC16E-47DB-4E2C-ADCB-C229169E9B10}.Release|Any CPU.Build.0 = Release|Any CPU
		{B15EC16E-47DB-4E2C-ADCB-C229169E9B10}.Release|x64.ActiveCfg = Release|Any CPU
		{B15EC16E-47DB-4E2C-ADCB-C229169E9B10}.Release|x64.Build.0 = Release|Any CPU
		{B15EC16E-47DB-4E2C-ADCB-C229169E9B10}.Release|x86.ActiveCfg = Release|Any CPU
		{B15EC16E-47DB-4E2C-ADCB-C229169E9B10}.Release|x86.Build.0 = Release|Any CPU
		{27E6CBC9-9692-41E9-904E-C2FF474B3A9D}.Debug|Any CPU.ActiveCfg = Debug|Any CPU
		{27E6CBC9-9692-41E9-904E-C2FF474B3A9D}.Debug|Any CPU.Build.0 = Debug|Any CPU
		{27E6CBC9-9692-41E9-904E-C2FF474B3A9D}.Debug|x64.ActiveCfg = Debug|Any CPU
		{27E6CBC9-9692-41E9-904E-C2FF474B3A9D}.Debug|x64.Build.0 = Debug|Any CPU
		{27E6CBC9-9692-41E9-904E-C2FF474B3A9D}.Debug|x86.ActiveCfg = Debug|Any CPU
		{27E6CBC9-9692-41E9-904E-C2FF474B3A9D}.Debug|x86.Build.0 = Debug|Any CPU
		{27E6CBC9-9692-41E9-904E-C2FF474B3A9D}.Release|Any CPU.ActiveCfg = Release|Any CPU
		{27E6CBC9-9692-41E9-904E-C2FF474B3A9D}.Release|Any CPU.Build.0 = Release|Any CPU
		{27E6CBC9-9692-41E9-904E-C2FF474B3A9D}.Release|x64.ActiveCfg = Release|Any CPU
		{27E6CBC9-9692-41E9-904E-C2FF474B3A9D}.Release|x64.Build.0 = Release|Any CPU
		{27E6CBC9-9692-41E9-904E-C2FF474B3A9D}.Release|x86.ActiveCfg = Release|Any CPU
		{27E6CBC9-9692-41E9-904E-C2FF474B3A9D}.Release|x86.Build.0 = Release|Any CPU
		{117CE9EC-7763-436D-8C73-C12CA200712B}.Debug|Any CPU.ActiveCfg = Debug|Any CPU
		{117CE9EC-7763-436D-8C73-C12CA200712B}.Debug|Any CPU.Build.0 = Debug|Any CPU
		{117CE9EC-7763-436D-8C73-C12CA200712B}.Debug|x64.ActiveCfg = Debug|Any CPU
		{117CE9EC-7763-436D-8C73-C12CA200712B}.Debug|x64.Build.0 = Debug|Any CPU
		{117CE9EC-7763-436D-8C73-C12CA200712B}.Debug|x86.ActiveCfg = Debug|Any CPU
		{117CE9EC-7763-436D-8C73-C12CA200712B}.Debug|x86.Build.0 = Debug|Any CPU
		{117CE9EC-7763-436D-8C73-C12CA200712B}.Release|Any CPU.ActiveCfg = Release|Any CPU
		{117CE9EC-7763-436D-8C73-C12CA200712B}.Release|Any CPU.Build.0 = Release|Any CPU
		{117CE9EC-7763-436D-8C73-C12CA200712B}.Release|x64.ActiveCfg = Release|Any CPU
		{117CE9EC-7763-436D-8C73-C12CA200712B}.Release|x64.Build.0 = Release|Any CPU
		{117CE9EC-7763-436D-8C73-C12CA200712B}.Release|x86.ActiveCfg = Release|Any CPU
		{117CE9EC-7763-436D-8C73-C12CA200712B}.Release|x86.Build.0 = Release|Any CPU
		{FF1D3CE9-9187-4D48-A16D-31EC6AA15321}.Debug|Any CPU.ActiveCfg = Debug|Any CPU
		{FF1D3CE9-9187-4D48-A16D-31EC6AA15321}.Debug|Any CPU.Build.0 = Debug|Any CPU
		{FF1D3CE9-9187-4D48-A16D-31EC6AA15321}.Debug|x64.ActiveCfg = Debug|Any CPU
		{FF1D3CE9-9187-4D48-A16D-31EC6AA15321}.Debug|x64.Build.0 = Debug|Any CPU
		{FF1D3CE9-9187-4D48-A16D-31EC6AA15321}.Debug|x86.ActiveCfg = Debug|Any CPU
		{FF1D3CE9-9187-4D48-A16D-31EC6AA15321}.Debug|x86.Build.0 = Debug|Any CPU
		{FF1D3CE9-9187-4D48-A16D-31EC6AA15321}.Release|Any CPU.ActiveCfg = Release|Any CPU
		{FF1D3CE9-9187-4D48-A16D-31EC6AA15321}.Release|Any CPU.Build.0 = Release|Any CPU
		{FF1D3CE9-9187-4D48-A16D-31EC6AA15321}.Release|x64.ActiveCfg = Release|Any CPU
		{FF1D3CE9-9187-4D48-A16D-31EC6AA15321}.Release|x64.Build.0 = Release|Any CPU
		{FF1D3CE9-9187-4D48-A16D-31EC6AA15321}.Release|x86.ActiveCfg = Release|Any CPU
		{FF1D3CE9-9187-4D48-A16D-31EC6AA15321}.Release|x86.Build.0 = Release|Any CPU
		{31BD18AA-7097-4F6C-B91A-2E2C4A46C571}.Debug|Any CPU.ActiveCfg = Debug|Any CPU
		{31BD18AA-7097-4F6C-B91A-2E2C4A46C571}.Debug|Any CPU.Build.0 = Debug|Any CPU
		{31BD18AA-7097-4F6C-B91A-2E2C4A46C571}.Debug|x64.ActiveCfg = Debug|Any CPU
		{31BD18AA-7097-4F6C-B91A-2E2C4A46C571}.Debug|x64.Build.0 = Debug|Any CPU
		{31BD18AA-7097-4F6C-B91A-2E2C4A46C571}.Debug|x86.ActiveCfg = Debug|Any CPU
		{31BD18AA-7097-4F6C-B91A-2E2C4A46C571}.Debug|x86.Build.0 = Debug|Any CPU
		{31BD18AA-7097-4F6C-B91A-2E2C4A46C571}.Release|Any CPU.ActiveCfg = Release|Any CPU
		{31BD18AA-7097-4F6C-B91A-2E2C4A46C571}.Release|Any CPU.Build.0 = Release|Any CPU
		{31BD18AA-7097-4F6C-B91A-2E2C4A46C571}.Release|x64.ActiveCfg = Release|Any CPU
		{31BD18AA-7097-4F6C-B91A-2E2C4A46C571}.Release|x64.Build.0 = Release|Any CPU
		{31BD18AA-7097-4F6C-B91A-2E2C4A46C571}.Release|x86.ActiveCfg = Release|Any CPU
		{31BD18AA-7097-4F6C-B91A-2E2C4A46C571}.Release|x86.Build.0 = Release|Any CPU
		{1A7C972D-52F4-4803-8740-456B7E98BE72}.Debug|Any CPU.ActiveCfg = Debug|Any CPU
		{1A7C972D-52F4-4803-8740-456B7E98BE72}.Debug|Any CPU.Build.0 = Debug|Any CPU
		{1A7C972D-52F4-4803-8740-456B7E98BE72}.Debug|x64.ActiveCfg = Debug|Any CPU
		{1A7C972D-52F4-4803-8740-456B7E98BE72}.Debug|x64.Build.0 = Debug|Any CPU
		{1A7C972D-52F4-4803-8740-456B7E98BE72}.Debug|x86.ActiveCfg = Debug|Any CPU
		{1A7C972D-52F4-4803-8740-456B7E98BE72}.Debug|x86.Build.0 = Debug|Any CPU
		{1A7C972D-52F4-4803-8740-456B7E98BE72}.Release|Any CPU.ActiveCfg = Release|Any CPU
		{1A7C972D-52F4-4803-8740-456B7E98BE72}.Release|Any CPU.Build.0 = Release|Any CPU
		{1A7C972D-52F4-4803-8740-456B7E98BE72}.Release|x64.ActiveCfg = Release|Any CPU
		{1A7C972D-52F4-4803-8740-456B7E98BE72}.Release|x64.Build.0 = Release|Any CPU
		{1A7C972D-52F4-4803-8740-456B7E98BE72}.Release|x86.ActiveCfg = Release|Any CPU
		{1A7C972D-52F4-4803-8740-456B7E98BE72}.Release|x86.Build.0 = Release|Any CPU
		{B1DEF00C-444A-4E2C-9FFF-E48C0D40D7E6}.Debug|Any CPU.ActiveCfg = Debug|Any CPU
		{B1DEF00C-444A-4E2C-9FFF-E48C0D40D7E6}.Debug|Any CPU.Build.0 = Debug|Any CPU
		{B1DEF00C-444A-4E2C-9FFF-E48C0D40D7E6}.Debug|x64.ActiveCfg = Debug|Any CPU
		{B1DEF00C-444A-4E2C-9FFF-E48C0D40D7E6}.Debug|x64.Build.0 = Debug|Any CPU
		{B1DEF00C-444A-4E2C-9FFF-E48C0D40D7E6}.Debug|x86.ActiveCfg = Debug|Any CPU
		{B1DEF00C-444A-4E2C-9FFF-E48C0D40D7E6}.Debug|x86.Build.0 = Debug|Any CPU
		{B1DEF00C-444A-4E2C-9FFF-E48C0D40D7E6}.Release|Any CPU.ActiveCfg = Release|Any CPU
		{B1DEF00C-444A-4E2C-9FFF-E48C0D40D7E6}.Release|Any CPU.Build.0 = Release|Any CPU
		{B1DEF00C-444A-4E2C-9FFF-E48C0D40D7E6}.Release|x64.ActiveCfg = Release|Any CPU
		{B1DEF00C-444A-4E2C-9FFF-E48C0D40D7E6}.Release|x64.Build.0 = Release|Any CPU
		{B1DEF00C-444A-4E2C-9FFF-E48C0D40D7E6}.Release|x86.ActiveCfg = Release|Any CPU
		{B1DEF00C-444A-4E2C-9FFF-E48C0D40D7E6}.Release|x86.Build.0 = Release|Any CPU
		{D5D31F2B-4CE5-448F-9D51-901CA6733129}.Debug|Any CPU.ActiveCfg = Debug|Any CPU
		{D5D31F2B-4CE5-448F-9D51-901CA6733129}.Debug|Any CPU.Build.0 = Debug|Any CPU
		{D5D31F2B-4CE5-448F-9D51-901CA6733129}.Debug|x64.ActiveCfg = Debug|Any CPU
		{D5D31F2B-4CE5-448F-9D51-901CA6733129}.Debug|x64.Build.0 = Debug|Any CPU
		{D5D31F2B-4CE5-448F-9D51-901CA6733129}.Debug|x86.ActiveCfg = Debug|Any CPU
		{D5D31F2B-4CE5-448F-9D51-901CA6733129}.Debug|x86.Build.0 = Debug|Any CPU
		{D5D31F2B-4CE5-448F-9D51-901CA6733129}.Release|Any CPU.ActiveCfg = Release|Any CPU
		{D5D31F2B-4CE5-448F-9D51-901CA6733129}.Release|Any CPU.Build.0 = Release|Any CPU
		{D5D31F2B-4CE5-448F-9D51-901CA6733129}.Release|x64.ActiveCfg = Release|Any CPU
		{D5D31F2B-4CE5-448F-9D51-901CA6733129}.Release|x64.Build.0 = Release|Any CPU
		{D5D31F2B-4CE5-448F-9D51-901CA6733129}.Release|x86.ActiveCfg = Release|Any CPU
		{D5D31F2B-4CE5-448F-9D51-901CA6733129}.Release|x86.Build.0 = Release|Any CPU
		{AE1F9D97-BB6A-42C6-9ECE-B03BE6D7B29F}.Debug|Any CPU.ActiveCfg = Debug|Any CPU
		{AE1F9D97-BB6A-42C6-9ECE-B03BE6D7B29F}.Debug|Any CPU.Build.0 = Debug|Any CPU
		{AE1F9D97-BB6A-42C6-9ECE-B03BE6D7B29F}.Debug|x64.ActiveCfg = Debug|Any CPU
		{AE1F9D97-BB6A-42C6-9ECE-B03BE6D7B29F}.Debug|x64.Build.0 = Debug|Any CPU
		{AE1F9D97-BB6A-42C6-9ECE-B03BE6D7B29F}.Debug|x86.ActiveCfg = Debug|Any CPU
		{AE1F9D97-BB6A-42C6-9ECE-B03BE6D7B29F}.Debug|x86.Build.0 = Debug|Any CPU
		{AE1F9D97-BB6A-42C6-9ECE-B03BE6D7B29F}.Release|Any CPU.ActiveCfg = Release|Any CPU
		{AE1F9D97-BB6A-42C6-9ECE-B03BE6D7B29F}.Release|Any CPU.Build.0 = Release|Any CPU
		{AE1F9D97-BB6A-42C6-9ECE-B03BE6D7B29F}.Release|x64.ActiveCfg = Release|Any CPU
		{AE1F9D97-BB6A-42C6-9ECE-B03BE6D7B29F}.Release|x64.Build.0 = Release|Any CPU
		{AE1F9D97-BB6A-42C6-9ECE-B03BE6D7B29F}.Release|x86.ActiveCfg = Release|Any CPU
		{AE1F9D97-BB6A-42C6-9ECE-B03BE6D7B29F}.Release|x86.Build.0 = Release|Any CPU
		{03B490BD-31C2-4741-8070-5ABADFE24AE7}.Debug|Any CPU.ActiveCfg = Debug|Any CPU
		{03B490BD-31C2-4741-8070-5ABADFE24AE7}.Debug|Any CPU.Build.0 = Debug|Any CPU
		{03B490BD-31C2-4741-8070-5ABADFE24AE7}.Debug|x64.ActiveCfg = Debug|Any CPU
		{03B490BD-31C2-4741-8070-5ABADFE24AE7}.Debug|x64.Build.0 = Debug|Any CPU
		{03B490BD-31C2-4741-8070-5ABADFE24AE7}.Debug|x86.ActiveCfg = Debug|Any CPU
		{03B490BD-31C2-4741-8070-5ABADFE24AE7}.Debug|x86.Build.0 = Debug|Any CPU
		{03B490BD-31C2-4741-8070-5ABADFE24AE7}.Release|Any CPU.ActiveCfg = Release|Any CPU
		{03B490BD-31C2-4741-8070-5ABADFE24AE7}.Release|Any CPU.Build.0 = Release|Any CPU
		{03B490BD-31C2-4741-8070-5ABADFE24AE7}.Release|x64.ActiveCfg = Release|Any CPU
		{03B490BD-31C2-4741-8070-5ABADFE24AE7}.Release|x64.Build.0 = Release|Any CPU
		{03B490BD-31C2-4741-8070-5ABADFE24AE7}.Release|x86.ActiveCfg = Release|Any CPU
		{03B490BD-31C2-4741-8070-5ABADFE24AE7}.Release|x86.Build.0 = Release|Any CPU
		{7FE3FCF2-5E88-4A7F-9A28-B816DEC6F927}.Debug|Any CPU.ActiveCfg = Debug|Any CPU
		{7FE3FCF2-5E88-4A7F-9A28-B816DEC6F927}.Debug|Any CPU.Build.0 = Debug|Any CPU
		{7FE3FCF2-5E88-4A7F-9A28-B816DEC6F927}.Debug|x64.ActiveCfg = Debug|Any CPU
		{7FE3FCF2-5E88-4A7F-9A28-B816DEC6F927}.Debug|x64.Build.0 = Debug|Any CPU
		{7FE3FCF2-5E88-4A7F-9A28-B816DEC6F927}.Debug|x86.ActiveCfg = Debug|Any CPU
		{7FE3FCF2-5E88-4A7F-9A28-B816DEC6F927}.Debug|x86.Build.0 = Debug|Any CPU
		{7FE3FCF2-5E88-4A7F-9A28-B816DEC6F927}.Release|Any CPU.ActiveCfg = Release|Any CPU
		{7FE3FCF2-5E88-4A7F-9A28-B816DEC6F927}.Release|Any CPU.Build.0 = Release|Any CPU
		{7FE3FCF2-5E88-4A7F-9A28-B816DEC6F927}.Release|x64.ActiveCfg = Release|Any CPU
		{7FE3FCF2-5E88-4A7F-9A28-B816DEC6F927}.Release|x64.Build.0 = Release|Any CPU
		{7FE3FCF2-5E88-4A7F-9A28-B816DEC6F927}.Release|x86.ActiveCfg = Release|Any CPU
		{7FE3FCF2-5E88-4A7F-9A28-B816DEC6F927}.Release|x86.Build.0 = Release|Any CPU
		{30175B16-F49A-42D5-8FA4-9BE9F4A15E68}.Debug|Any CPU.ActiveCfg = Debug|Any CPU
		{30175B16-F49A-42D5-8FA4-9BE9F4A15E68}.Debug|Any CPU.Build.0 = Debug|Any CPU
		{30175B16-F49A-42D5-8FA4-9BE9F4A15E68}.Debug|x64.ActiveCfg = Debug|Any CPU
		{30175B16-F49A-42D5-8FA4-9BE9F4A15E68}.Debug|x64.Build.0 = Debug|Any CPU
		{30175B16-F49A-42D5-8FA4-9BE9F4A15E68}.Debug|x86.ActiveCfg = Debug|Any CPU
		{30175B16-F49A-42D5-8FA4-9BE9F4A15E68}.Debug|x86.Build.0 = Debug|Any CPU
		{30175B16-F49A-42D5-8FA4-9BE9F4A15E68}.Release|Any CPU.ActiveCfg = Release|Any CPU
		{30175B16-F49A-42D5-8FA4-9BE9F4A15E68}.Release|Any CPU.Build.0 = Release|Any CPU
		{30175B16-F49A-42D5-8FA4-9BE9F4A15E68}.Release|x64.ActiveCfg = Release|Any CPU
		{30175B16-F49A-42D5-8FA4-9BE9F4A15E68}.Release|x64.Build.0 = Release|Any CPU
		{30175B16-F49A-42D5-8FA4-9BE9F4A15E68}.Release|x86.ActiveCfg = Release|Any CPU
		{30175B16-F49A-42D5-8FA4-9BE9F4A15E68}.Release|x86.Build.0 = Release|Any CPU
		{CA917CB7-BECF-446C-B2EC-CD3512FD00BA}.Debug|Any CPU.ActiveCfg = Debug|Any CPU
		{CA917CB7-BECF-446C-B2EC-CD3512FD00BA}.Debug|Any CPU.Build.0 = Debug|Any CPU
		{CA917CB7-BECF-446C-B2EC-CD3512FD00BA}.Debug|x64.ActiveCfg = Debug|Any CPU
		{CA917CB7-BECF-446C-B2EC-CD3512FD00BA}.Debug|x64.Build.0 = Debug|Any CPU
		{CA917CB7-BECF-446C-B2EC-CD3512FD00BA}.Debug|x86.ActiveCfg = Debug|Any CPU
		{CA917CB7-BECF-446C-B2EC-CD3512FD00BA}.Debug|x86.Build.0 = Debug|Any CPU
		{CA917CB7-BECF-446C-B2EC-CD3512FD00BA}.Release|Any CPU.ActiveCfg = Release|Any CPU
		{CA917CB7-BECF-446C-B2EC-CD3512FD00BA}.Release|Any CPU.Build.0 = Release|Any CPU
		{CA917CB7-BECF-446C-B2EC-CD3512FD00BA}.Release|x64.ActiveCfg = Release|Any CPU
		{CA917CB7-BECF-446C-B2EC-CD3512FD00BA}.Release|x64.Build.0 = Release|Any CPU
		{CA917CB7-BECF-446C-B2EC-CD3512FD00BA}.Release|x86.ActiveCfg = Release|Any CPU
		{CA917CB7-BECF-446C-B2EC-CD3512FD00BA}.Release|x86.Build.0 = Release|Any CPU
		{154ABA8B-1CF4-4845-A532-8562179AF8C5}.Debug|Any CPU.ActiveCfg = Debug|Any CPU
		{154ABA8B-1CF4-4845-A532-8562179AF8C5}.Debug|Any CPU.Build.0 = Debug|Any CPU
		{154ABA8B-1CF4-4845-A532-8562179AF8C5}.Debug|x64.ActiveCfg = Debug|Any CPU
		{154ABA8B-1CF4-4845-A532-8562179AF8C5}.Debug|x64.Build.0 = Debug|Any CPU
		{154ABA8B-1CF4-4845-A532-8562179AF8C5}.Debug|x86.ActiveCfg = Debug|Any CPU
		{154ABA8B-1CF4-4845-A532-8562179AF8C5}.Debug|x86.Build.0 = Debug|Any CPU
		{154ABA8B-1CF4-4845-A532-8562179AF8C5}.Release|Any CPU.ActiveCfg = Release|Any CPU
		{154ABA8B-1CF4-4845-A532-8562179AF8C5}.Release|Any CPU.Build.0 = Release|Any CPU
		{154ABA8B-1CF4-4845-A532-8562179AF8C5}.Release|x64.ActiveCfg = Release|Any CPU
		{154ABA8B-1CF4-4845-A532-8562179AF8C5}.Release|x64.Build.0 = Release|Any CPU
		{154ABA8B-1CF4-4845-A532-8562179AF8C5}.Release|x86.ActiveCfg = Release|Any CPU
		{154ABA8B-1CF4-4845-A532-8562179AF8C5}.Release|x86.Build.0 = Release|Any CPU
		{9F8597BF-77A0-4676-8231-CCDC41650EDC}.Debug|Any CPU.ActiveCfg = Debug|Any CPU
		{9F8597BF-77A0-4676-8231-CCDC41650EDC}.Debug|Any CPU.Build.0 = Debug|Any CPU
		{9F8597BF-77A0-4676-8231-CCDC41650EDC}.Debug|x64.ActiveCfg = Debug|Any CPU
		{9F8597BF-77A0-4676-8231-CCDC41650EDC}.Debug|x64.Build.0 = Debug|Any CPU
		{9F8597BF-77A0-4676-8231-CCDC41650EDC}.Debug|x86.ActiveCfg = Debug|Any CPU
		{9F8597BF-77A0-4676-8231-CCDC41650EDC}.Debug|x86.Build.0 = Debug|Any CPU
		{9F8597BF-77A0-4676-8231-CCDC41650EDC}.Release|Any CPU.ActiveCfg = Release|Any CPU
		{9F8597BF-77A0-4676-8231-CCDC41650EDC}.Release|Any CPU.Build.0 = Release|Any CPU
		{9F8597BF-77A0-4676-8231-CCDC41650EDC}.Release|x64.ActiveCfg = Release|Any CPU
		{9F8597BF-77A0-4676-8231-CCDC41650EDC}.Release|x64.Build.0 = Release|Any CPU
		{9F8597BF-77A0-4676-8231-CCDC41650EDC}.Release|x86.ActiveCfg = Release|Any CPU
		{9F8597BF-77A0-4676-8231-CCDC41650EDC}.Release|x86.Build.0 = Release|Any CPU
		{A37DAD20-B9BE-499C-A956-09133DD35908}.Debug|Any CPU.ActiveCfg = Debug|Any CPU
		{A37DAD20-B9BE-499C-A956-09133DD35908}.Debug|Any CPU.Build.0 = Debug|Any CPU
		{A37DAD20-B9BE-499C-A956-09133DD35908}.Debug|x64.ActiveCfg = Debug|Any CPU
		{A37DAD20-B9BE-499C-A956-09133DD35908}.Debug|x64.Build.0 = Debug|Any CPU
		{A37DAD20-B9BE-499C-A956-09133DD35908}.Debug|x86.ActiveCfg = Debug|Any CPU
		{A37DAD20-B9BE-499C-A956-09133DD35908}.Debug|x86.Build.0 = Debug|Any CPU
		{A37DAD20-B9BE-499C-A956-09133DD35908}.Release|Any CPU.ActiveCfg = Release|Any CPU
		{A37DAD20-B9BE-499C-A956-09133DD35908}.Release|Any CPU.Build.0 = Release|Any CPU
		{A37DAD20-B9BE-499C-A956-09133DD35908}.Release|x64.ActiveCfg = Release|Any CPU
		{A37DAD20-B9BE-499C-A956-09133DD35908}.Release|x64.Build.0 = Release|Any CPU
		{A37DAD20-B9BE-499C-A956-09133DD35908}.Release|x86.ActiveCfg = Release|Any CPU
		{A37DAD20-B9BE-499C-A956-09133DD35908}.Release|x86.Build.0 = Release|Any CPU
	EndGlobalSection
	GlobalSection(SolutionProperties) = preSolution
		HideSolutionNode = FALSE
	EndGlobalSection
	GlobalSection(NestedProjects) = preSolution
		{EB5B30EC-BA9C-4909-8416-60BF9C6C375C} = {AEA84302-1508-420C-85C3-E0AF8016CBB5}
		{227F2495-3FD6-44D1-84CC-95643914BCEC} = {AEA84302-1508-420C-85C3-E0AF8016CBB5}
		{6F16469A-320E-408B-9259-F2DCD1AA7AE6} = {AEA84302-1508-420C-85C3-E0AF8016CBB5}
		{CC3694EB-8E74-43CB-ACD9-BD0333595996} = {389F825B-1B60-4DB6-91D7-DD3AEAF4B7CD}
		{9D9E1C44-E585-4824-B973-B9EDAFDE1F13} = {389F825B-1B60-4DB6-91D7-DD3AEAF4B7CD}
		{592C992D-A512-4C15-A65C-029215EDF6E5} = {389F825B-1B60-4DB6-91D7-DD3AEAF4B7CD}
		{BCAFBCA8-8296-449D-A8DE-E81B3E2B69F7} = {AEA84302-1508-420C-85C3-E0AF8016CBB5}
		{A95F7D76-F829-4645-8527-BCD3123321A4} = {B07197E6-E2CC-4510-9127-FB37B3A24319}
		{40AC3A01-6590-4BB7-91B3-F57319C96CE0} = {B07197E6-E2CC-4510-9127-FB37B3A24319}
		{FD021D67-E8EF-43D3-85FA-73523EAA4A02} = {B07197E6-E2CC-4510-9127-FB37B3A24319}
		{4BD4268B-063C-4532-B2F9-CE3C9C483AC1} = {B26A1966-8BA9-40B7-879E-084CEDC94988}
		{23B7BF64-DFFB-4B74-91E9-522B1A614CF5} = {B26A1966-8BA9-40B7-879E-084CEDC94988}
		{88176EFC-9AFE-4A83-8E8C-2FCAF3D4393F} = {B26A1966-8BA9-40B7-879E-084CEDC94988}
		{98BFD85F-CA9E-40BA-8D9B-01123F63A0B1} = {671D5FE6-4178-473F-B272-ADC344D8EA39}
		{641E16EC-36E5-4958-A9E7-1B5D6954F4A6} = {671D5FE6-4178-473F-B272-ADC344D8EA39}
		{D4A84710-66F4-4FEF-A8E7-B452471CA55F} = {671D5FE6-4178-473F-B272-ADC344D8EA39}
		{74D11757-EDBD-49F8-8DA1-69136C4DE371} = {B07197E6-E2CC-4510-9127-FB37B3A24319}
		{495081CD-805F-4B84-A65C-56630AE931A3} = {ACD268B1-7130-47BF-B3E0-07A0FEC71C05}
		{04F3E66E-771E-4AD8-A5C2-1CADDEE16EAF} = {ACD268B1-7130-47BF-B3E0-07A0FEC71C05}
		{CDB0D417-209B-483C-9863-250134DF174D} = {671D5FE6-4178-473F-B272-ADC344D8EA39}
		{2C9DD3A5-5207-480A-BE23-5279A3B3BADD} = {389F825B-1B60-4DB6-91D7-DD3AEAF4B7CD}
		{5307067D-7EC3-4B57-9DE0-7AD92A836743} = {AEA84302-1508-420C-85C3-E0AF8016CBB5}
		{487B92AD-FF25-4E67-A680-16F74F8B617C} = {D8AC3EF2-CA24-4442-9CEA-D9EB110C249C}
		{2E3AB958-DFF1-485F-8E5F-0F49006C62DF} = {39AE71E0-78BA-41CD-8EDA-11CA42C6E889}
		{9F460353-9223-49B3-8E25-A8A60B5789A3} = {4C17DB56-301F-411F-90E2-DBEC4849324A}
		{A34151AC-8D88-4DBE-9191-976674613F77} = {4C17DB56-301F-411F-90E2-DBEC4849324A}
		{D6A7D20D-0332-454B-821F-7BDE0F86694D} = {4C17DB56-301F-411F-90E2-DBEC4849324A}
		{B15EC16E-47DB-4E2C-ADCB-C229169E9B10} = {B07197E6-E2CC-4510-9127-FB37B3A24319}
		{27E6CBC9-9692-41E9-904E-C2FF474B3A9D} = {B07197E6-E2CC-4510-9127-FB37B3A24319}
		{117CE9EC-7763-436D-8C73-C12CA200712B} = {389F825B-1B60-4DB6-91D7-DD3AEAF4B7CD}
		{FF1D3CE9-9187-4D48-A16D-31EC6AA15321} = {389F825B-1B60-4DB6-91D7-DD3AEAF4B7CD}
		{31BD18AA-7097-4F6C-B91A-2E2C4A46C571} = {AEA84302-1508-420C-85C3-E0AF8016CBB5}
		{1A7C972D-52F4-4803-8740-456B7E98BE72} = {D8AC3EF2-CA24-4442-9CEA-D9EB110C249C}
		{B1DEF00C-444A-4E2C-9FFF-E48C0D40D7E6} = {D8AC3EF2-CA24-4442-9CEA-D9EB110C249C}
		{D5D31F2B-4CE5-448F-9D51-901CA6733129} = {D8AC3EF2-CA24-4442-9CEA-D9EB110C249C}
		{AE1F9D97-BB6A-42C6-9ECE-B03BE6D7B29F} = {D8AC3EF2-CA24-4442-9CEA-D9EB110C249C}
		{03B490BD-31C2-4741-8070-5ABADFE24AE7} = {D8AC3EF2-CA24-4442-9CEA-D9EB110C249C}
		{7FE3FCF2-5E88-4A7F-9A28-B816DEC6F927} = {D8AC3EF2-CA24-4442-9CEA-D9EB110C249C}
		{30175B16-F49A-42D5-8FA4-9BE9F4A15E68} = {671D5FE6-4178-473F-B272-ADC344D8EA39}
		{CA917CB7-BECF-446C-B2EC-CD3512FD00BA} = {D8AC3EF2-CA24-4442-9CEA-D9EB110C249C}
		{154ABA8B-1CF4-4845-A532-8562179AF8C5} = {B26A1966-8BA9-40B7-879E-084CEDC94988}
		{9F8597BF-77A0-4676-8231-CCDC41650EDC} = {D8AC3EF2-CA24-4442-9CEA-D9EB110C249C}
		{A37DAD20-B9BE-499C-A956-09133DD35908} = {D8AC3EF2-CA24-4442-9CEA-D9EB110C249C}
	EndGlobalSection
	GlobalSection(ExtensibilityGlobals) = postSolution
		SolutionGuid = {8EFC1B12-4B51-451A-8051-FBA2C799FE5D}
	EndGlobalSection
EndGlobal
