{
  "version": 1,
  "dependencies": {
    "net6.0": {
      "MVCCaching.Base.Core": {
        "type": "Direct",
        "requested": "[3.0.2, )",
        "resolved": "3.0.2",
        "contentHash": "uj0dNBdB8tn9KZ+LjpZ0iASOrWNfGolpP2+2BI2ukac4PA8QoIHmGxQrwZGkY4XAGrNnYJ5swEYR23cMs3ZZ1g=="
      },
      "Newtonsoft.Json": {
        "type": "Direct",
        "requested": "[13.0.2, )",
        "resolved": "13.0.2",
        "contentHash": "R2pZ3B0UjeyHShm9vG+Tu0EBb2lC8b0dFzV9gVn50ofHXh9Smjk6kTn7A/FdAsC8B5cKib1OnGYOXxRBz5XQDg=="
      }
    }
  }
}